{
  "pins" : [
    {
      "identity" : "waktrainercoremodels",
      "kind" : "remoteSourceControl",
      "location" : "https://github.com/iosdevbyul/WakTrainerCoreModels",
      "state" : {
        "branch" : "main",
        "revision" : "68fa702fc0f68cafb09beab9e0bf8661ad82995c"
      }
    }
  ],
  "version" : 2
}
