{
  "pins" : [
    {
      "identity" : "waktrainercoremodels",
      "kind" : "remoteSourceControl",
      "location" : "https://github.com/iosdevbyul/WakTrainerCoreModels",
      "state" : {
        "branch" : "main",
        "revision" : "6d350f12e62f486cce8cca666c029a46a23b30cb"
      }
    }
  ],
  "version" : 2
}
