{
  "pins" : [
    {
      "identity" : "waktrainercoremodels",
      "kind" : "remoteSourceControl",
      "location" : "https://github.com/iosdevbyul/WakTrainerCoreModels",
      "state" : {
        "branch" : "main",
        "revision" : "bb0c62b259ed94f80b15709164fe3b4f6f46dee6"
      }
    }
  ],
  "version" : 2
}
